
Microsoft Visual Studio Solution File, Format Version 12.00
# Visual Studio Version 17
VisualStudioVersion = 17.5.33627.172
MinimumVisualStudioVersion = 10.0.40219.1
Project("{2150E333-8FDC-42A3-9474-1A3956D46DE8}") = "Presentation Layer", "Presentation Layer", "{E491324F-80C3-4F14-8723-3525DDA480CF}"
EndProject
Project("{2150E333-8FDC-42A3-9474-1A3956D46DE8}") = "Services Layer", "Services Layer", "{96A57633-D9AD-4B19-ACDE-B506A4A7EE6B}"
EndProject
Project("{2150E333-8FDC-42A3-9474-1A3956D46DE8}") = "Application", "Application", "{BC0C7203-F6B2-40F2-BE4E-73DE75E4D57B}"
EndProject
Project("{2150E333-8FDC-42A3-9474-1A3956D46DE8}") = "Infrastructure", "Infrastructure", "{5F843458-3C10-4DD3-8196-9DF9CAE7B703}"
EndProject
Project("{9A19103F-16F7-4668-BE54-9A1E7A4F7556}") = "Infrastructure", "Infrastructure\Infrastructure.csproj", "{7C19AD62-8531-4CD3-ABC2-701DD04B2E73}"
EndProject
Project("{9A19103F-16F7-4668-BE54-9A1E7A4F7556}") = "Application", "Application\Application.csproj", "{F6D95957-3939-4409-AA2D-5F30DDACCCF8}"
EndProject
Project("{2150E333-8FDC-42A3-9474-1A3956D46DE8}") = "Windows", "Windows", "{A5DC6643-6336-4A60-BE71-8A0FEE0DA84E}"
EndProject
Project("{2150E333-8FDC-42A3-9474-1A3956D46DE8}") = "WindowsApplication", "WindowsApplication", "{461AA87B-9F27-4EC0-B7E7-1F3FA6F11D04}"
EndProject
Project("{2150E333-8FDC-42A3-9474-1A3956D46DE8}") = "WindowsFramework", "WindowsFramework", "{6BA819FA-8CF8-432E-8758-D5BB8B2D10BA}"
EndProject
Project("{FAE04EC0-301F-11D3-BF4B-00C04F79EFBC}") = "WFF", "WFF\WFF.csproj", "{04EC473C-C44C-4310-8F12-34744B134D4E}"
EndProject
Project("{FAE04EC0-301F-11D3-BF4B-00C04F79EFBC}") = "WFA", "WFA\WFA.csproj", "{41EC9CEC-1916-4997-BF30-CFFD60DCF9F3}"
EndProject
Global
	GlobalSection(SolutionConfigurationPlatforms) = preSolution
		Debug|Any CPU = Debug|Any CPU
		Release|Any CPU = Release|Any CPU
	EndGlobalSection
	GlobalSection(ProjectConfigurationPlatforms) = postSolution
		{7C19AD62-8531-4CD3-ABC2-701DD04B2E73}.Debug|Any CPU.ActiveCfg = Debug|Any CPU
		{7C19AD62-8531-4CD3-ABC2-701DD04B2E73}.Debug|Any CPU.Build.0 = Debug|Any CPU
		{7C19AD62-8531-4CD3-ABC2-701DD04B2E73}.Release|Any CPU.ActiveCfg = Release|Any CPU
		{7C19AD62-8531-4CD3-ABC2-701DD04B2E73}.Release|Any CPU.Build.0 = Release|Any CPU
		{F6D95957-3939-4409-AA2D-5F30DDACCCF8}.Debug|Any CPU.ActiveCfg = Debug|Any CPU
		{F6D95957-3939-4409-AA2D-5F30DDACCCF8}.Debug|Any CPU.Build.0 = Debug|Any CPU
		{F6D95957-3939-4409-AA2D-5F30DDACCCF8}.Release|Any CPU.ActiveCfg = Release|Any CPU
		{F6D95957-3939-4409-AA2D-5F30DDACCCF8}.Release|Any CPU.Build.0 = Release|Any CPU
		{04EC473C-C44C-4310-8F12-34744B134D4E}.Debug|Any CPU.ActiveCfg = Debug|Any CPU
		{04EC473C-C44C-4310-8F12-34744B134D4E}.Debug|Any CPU.Build.0 = Debug|Any CPU
		{04EC473C-C44C-4310-8F12-34744B134D4E}.Release|Any CPU.ActiveCfg = Release|Any CPU
		{04EC473C-C44C-4310-8F12-34744B134D4E}.Release|Any CPU.Build.0 = Release|Any CPU
		{41EC9CEC-1916-4997-BF30-CFFD60DCF9F3}.Debug|Any CPU.ActiveCfg = Debug|Any CPU
		{41EC9CEC-1916-4997-BF30-CFFD60DCF9F3}.Debug|Any CPU.Build.0 = Debug|Any CPU
		{41EC9CEC-1916-4997-BF30-CFFD60DCF9F3}.Release|Any CPU.ActiveCfg = Release|Any CPU
		{41EC9CEC-1916-4997-BF30-CFFD60DCF9F3}.Release|Any CPU.Build.0 = Release|Any CPU
	EndGlobalSection
	GlobalSection(SolutionProperties) = preSolution
		HideSolutionNode = FALSE
	EndGlobalSection
	GlobalSection(NestedProjects) = preSolution
		{BC0C7203-F6B2-40F2-BE4E-73DE75E4D57B} = {96A57633-D9AD-4B19-ACDE-B506A4A7EE6B}
		{5F843458-3C10-4DD3-8196-9DF9CAE7B703} = {96A57633-D9AD-4B19-ACDE-B506A4A7EE6B}
		{7C19AD62-8531-4CD3-ABC2-701DD04B2E73} = {5F843458-3C10-4DD3-8196-9DF9CAE7B703}
		{F6D95957-3939-4409-AA2D-5F30DDACCCF8} = {BC0C7203-F6B2-40F2-BE4E-73DE75E4D57B}
		{A5DC6643-6336-4A60-BE71-8A0FEE0DA84E} = {E491324F-80C3-4F14-8723-3525DDA480CF}
		{461AA87B-9F27-4EC0-B7E7-1F3FA6F11D04} = {A5DC6643-6336-4A60-BE71-8A0FEE0DA84E}
		{6BA819FA-8CF8-432E-8758-D5BB8B2D10BA} = {A5DC6643-6336-4A60-BE71-8A0FEE0DA84E}
		{04EC473C-C44C-4310-8F12-34744B134D4E} = {6BA819FA-8CF8-432E-8758-D5BB8B2D10BA}
		{41EC9CEC-1916-4997-BF30-CFFD60DCF9F3} = {461AA87B-9F27-4EC0-B7E7-1F3FA6F11D04}
	EndGlobalSection
	GlobalSection(ExtensibilityGlobals) = postSolution
		SolutionGuid = {580572EF-EE61-44E9-AE2E-D6490C15FF01}
	EndGlobalSection
EndGlobal
